// !$*UTF8*$!
{
	archiveVersion = 1;
	classes = {
	};
	objectVersion = 46;
	objects = {

/* Begin PBXBuildFile section */
		7FD55D5D1A4CF9DE0067E0FF /* AppDelegate.swift in Sources */ = {isa = PBXBuildFile; fileRef = 7FD55D5C1A4CF9DD0067E0FF /* AppDelegate.swift */; };
		7FD55D5F1A4CF9DE0067E0FF /* ViewController.swift in Sources */ = {isa = PBXBuildFile; fileRef = 7FD55D5E1A4CF9DE0067E0FF /* ViewController.swift */; };
		7FD55D621A4CF9DE0067E0FF /* Main.storyboard in Resources */ = {isa = PBXBuildFile; fileRef = 7FD55D601A4CF9DE0067E0FF /* Main.storyboard */; };
		7FD55D641A4CF9DE0067E0FF /* Images.xcassets in Resources */ = {isa = PBXBuildFile; fileRef = 7FD55D631A4CF9DE0067E0FF /* Images.xcassets */; };
		7FD55D671A4CF9DE0067E0FF /* LaunchScreen.xib in Resources */ = {isa = PBXBuildFile; fileRef = 7FD55D651A4CF9DE0067E0FF /* LaunchScreen.xib */; };
		7FD55D731A4CF9DE0067E0FF /* LoginProjectTests.swift in Sources */ = {isa = PBXBuildFile; fileRef = 7FD55D721A4CF9DE0067E0FF /* LoginProjectTests.swift */; };
/* End PBXBuildFile section */

/* Begin PBXContainerItemProxy section */
		7FD55D6D1A4CF9DE0067E0FF /* PBXContainerItemProxy */ = {
			isa = PBXContainerItemProxy;
			containerPortal = 7FD55D4F1A4CF9DD0067E0FF /* Project object */;
			proxyType = 1;
			remoteGlobalIDString = 7FD55D561A4CF9DD0067E0FF;
			remoteInfo = LoginProject;
		};
/* End PBXContainerItemProxy section */

/* Begin PBXFileReference section */
		7FD55D571A4CF9DD0067E0FF /* LoginProject.app */ = {isa = PBXFileReference; explicitFileType = wrapper.application; includeInIndex = 0; path = LoginProject.app; sourceTree = BUILT_PRODUCTS_DIR; };
		7FD55D5B1A4CF9DD0067E0FF /* Info.plist */ = {isa = PBXFileReference; lastKnownFileType = text.plist.xml; path = Info.plist; sourceTree = "<group>"; };
		7FD55D5C1A4CF9DD0067E0FF /* AppDelegate.swift */ = {isa = PBXFileReference; lastKnownFileType = sourcecode.swift; path = AppDelegate.swift; sourceTree = "<group>"; };
		7FD55D5E1A4CF9DE0067E0FF /* ViewController.swift */ = {isa = PBXFileReference; lastKnownFileType = sourcecode.swift; path = ViewController.swift; sourceTree = "<group>"; };
		7FD55D611A4CF9DE0067E0FF /* Base */ = {isa = PBXFileReference; lastKnownFileType = file.storyboard; name = Base; path = Base.lproj/Main.storyboard; sourceTree = "<group>"; };
		7FD55D631A4CF9DE0067E0FF /* Images.xcassets */ = {isa = PBXFileReference; lastKnownFileType = folder.assetcatalog; path = Images.xcassets; sourceTree = "<group>"; };
		7FD55D661A4CF9DE0067E0FF /* Base */ = {isa = PBXFileReference; lastKnownFileType = file.xib; name = Base; path = Base.lproj/LaunchScreen.xib; sourceTree = "<group>"; };
		7FD55D6C1A4CF9DE0067E0FF /* LoginProjectTests.xctest */ = {isa = PBXFileReference; explicitFileType = wrapper.cfbundle; includeInIndex = 0; path = LoginProjectTests.xctest; sourceTree = BUILT_PRODUCTS_DIR; };
		7FD55D711A4CF9DE0067E0FF /* Info.plist */ = {isa = PBXFileReference; lastKnownFileType = text.plist.xml; path = Info.plist; sourceTree = "<group>"; };
		7FD55D721A4CF9DE0067E0FF /* LoginProjectTests.swift */ = {isa = PBXFileReference; lastKnownFileType = sourcecode.swift; path = LoginProjectTests.swift; sourceTree = "<group>"; };
/* End PBXFileReference section */

/* Begin PBXFrameworksBuildPhase section */
		7FD55D541A4CF9DD0067E0FF /* Frameworks */ = {
			isa = PBXFrameworksBuildPhase;
			buildActionMask = 2147483647;
			files = (
			);
			runOnlyForDeploymentPostprocessing = 0;
		};
		7FD55D691A4CF9DE0067E0FF /* Frameworks */ = {
			isa = PBXFrameworksBuildPhase;
			buildActionMask = 2147483647;
			files = (
			);
			runOnlyForDeploymentPostprocessing = 0;
		};
/* End PBXFrameworksBuildPhase section */

/* Begin PBXGroup section */
		7FD55D4E1A4CF9DD0067E0FF = {
			isa = PBXGroup;
			children = (
				7FD55D591A4CF9DD0067E0FF /* LoginProject */,
				7FD55D6F1A4CF9DE0067E0FF /* LoginProjectTests */,
				7FD55D581A4CF9DD0067E0FF /* Products */,
			);
			sourceTree = "<group>";
		};
		7FD55D581A4CF9DD0067E0FF /* Products */ = {
			isa = PBXGroup;
			children = (
				7FD55D571A4CF9DD0067E0FF /* LoginProject.app */,
				7FD55D6C1A4CF9DE0067E0FF /* LoginProjectTests.xctest */,
			);
			name = Products;
			sourceTree = "<group>";
		};
		7FD55D591A4CF9DD0067E0FF /* LoginProject */ = {
			isa = PBXGroup;
			children = (
				7FD55D5C1A4CF9DD0067E0FF /* AppDelegate.swift */,
				7FD55D5E1A4CF9DE0067E0FF /* ViewController.swift */,
				7FD55D601A4CF9DE0067E0FF /* Main.storyboard */,
				7FD55D631A4CF9DE0067E0FF /* Images.xcassets */,
				7FD55D651A4CF9DE0067E0FF /* LaunchScreen.xib */,
				7FD55D5A1A4CF9DD0067E0FF /* Supporting Files */,
			);
			path = LoginProject;
			sourceTree = "<group>";
		};
		7FD55D5A1A4CF9DD0067E0FF /* Supporting Files */ = {
			isa = PBXGroup;
			children = (
				7FD55D5B1A4CF9DD0067E0FF /* Info.plist */,
			);
			name = "Supporting Files";
			sourceTree = "<group>";
		};
		7FD55D6F1A4CF9DE0067E0FF /* LoginProjectTests */ = {
			isa = PBXGroup;
			children = (
				7FD55D721A4CF9DE0067E0FF /* LoginProjectTests.swift */,
				7FD55D701A4CF9DE0067E0FF /* Supporting Files */,
			);
			path = LoginProjectTests;
			sourceTree = "<group>";
		};
		7FD55D701A4CF9DE0067E0FF /* Supporting Files */ = {
			isa = PBXGroup;
			children = (
				7FD55D711A4CF9DE0067E0FF /* Info.plist */,
			);
			name = "Supporting Files";
			sourceTree = "<group>";
		};
/* End PBXGroup section */

/* Begin PBXNativeTarget section */
		7FD55D561A4CF9DD0067E0FF /* LoginProject */ = {
			isa = PBXNativeTarget;
			buildConfigurationList = 7FD55D761A4CF9DE0067E0FF /* Build configuration list for PBXNativeTarget "LoginProject" */;
			buildPhases = (
				7FD55D531A4CF9DD0067E0FF /* Sources */,
				7FD55D541A4CF9DD0067E0FF /* Frameworks */,
				7FD55D551A4CF9DD0067E0FF /* Resources */,
			);
			buildRules = (
			);
			dependencies = (
			);
			name = LoginProject;
			productName = LoginProject;
			productReference = 7FD55D571A4CF9DD0067E0FF /* LoginProject.app */;
			productType = "com.apple.product-type.application";
		};
		7FD55D6B1A4CF9DE0067E0FF /* LoginProjectTests */ = {
			isa = PBXNativeTarget;
			buildConfigurationList = 7FD55D791A4CF9DE0067E0FF /* Build configuration list for PBXNativeTarget "LoginProjectTests" */;
			buildPhases = (
				7FD55D681A4CF9DE0067E0FF /* Sources */,
				7FD55D691A4CF9DE0067E0FF /* Frameworks */,
				7FD55D6A1A4CF9DE0067E0FF /* Resources */,
			);
			buildRules = (
			);
			dependencies = (
				7FD55D6E1A4CF9DE0067E0FF /* PBXTargetDependency */,
			);
			name = LoginProjectTests;
			productName = LoginProjectTests;
			productReference = 7FD55D6C1A4CF9DE0067E0FF /* LoginProjectTests.xctest */;
			productType = "com.apple.product-type.bundle.unit-test";
		};
/* End PBXNativeTarget section */

/* Begin PBXProject section */
		7FD55D4F1A4CF9DD0067E0FF /* Project object */ = {
			isa = PBXProject;
			attributes = {
				LastUpgradeCheck = 0610;
				ORGANIZATIONNAME = "Belinda Heliot";
				TargetAttributes = {
					7FD55D561A4CF9DD0067E0FF = {
						CreatedOnToolsVersion = 6.1.1;
					};
					7FD55D6B1A4CF9DE0067E0FF = {
						CreatedOnToolsVersion = 6.1.1;
						TestTargetID = 7FD55D561A4CF9DD0067E0FF;
					};
				};
			};
			buildConfigurationList = 7FD55D521A4CF9DD0067E0FF /* Build configuration list for PBXProject "LoginProject" */;
			compatibilityVersion = "Xcode 3.2";
			developmentRegion = English;
			hasScannedForEncodings = 0;
			knownRegions = (
				en,
				Base,
			);
			mainGroup = 7FD55D4E1A4CF9DD0067E0FF;
			productRefGroup = 7FD55D581A4CF9DD0067E0FF /* Products */;
			projectDirPath = "";
			projectRoot = "";
			targets = (
				7FD55D561A4CF9DD0067E0FF /* LoginProject */,
				7FD55D6B1A4CF9DE0067E0FF /* LoginProjectTests */,
			);
		};
/* End PBXProject section */

/* Begin PBXResourcesBuildPhase section */
		7FD55D551A4CF9DD0067E0FF /* Resources */ = {
			isa = PBXResourcesBuildPhase;
			buildActionMask = 2147483647;
			files = (
				7FD55D621A4CF9DE0067E0FF /* Main.storyboard in Resources */,
				7FD55D671A4CF9DE0067E0FF /* LaunchScreen.xib in Resources */,
				7FD55D641A4CF9DE0067E0FF /* Images.xcassets in Resources */,
			);
			runOnlyForDeploymentPostprocessing = 0;
		};
		7FD55D6A1A4CF9DE0067E0FF /* Resources */ = {
			isa = PBXResourcesBuildPhase;
			buildActionMask = 2147483647;
			files = (
			);
			runOnlyForDeploymentPostprocessing = 0;
		};
/* End PBXResourcesBuildPhase section */

/* Begin PBXSourcesBuildPhase section */
		7FD55D531A4CF9DD0067E0FF /* Sources */ = {
			isa = PBXSourcesBuildPhase;
			buildActionMask = 2147483647;
			files = (
				7FD55D5F1A4CF9DE0067E0FF /* ViewController.swift in Sources */,
				7FD55D5D1A4CF9DE0067E0FF /* AppDelegate.swift in Sources */,
			);
			runOnlyForDeploymentPostprocessing = 0;
		};
		7FD55D681A4CF9DE0067E0FF /* Sources */ = {
			isa = PBXSourcesBuildPhase;
			buildActionMask = 2147483647;
			files = (
				7FD55D731A4CF9DE0067E0FF /* LoginProjectTests.swift in Sources */,
			);
			runOnlyForDeploymentPostprocessing = 0;
		};
/* End PBXSourcesBuildPhase section */

/* Begin PBXTargetDependency section */
		7FD55D6E1A4CF9DE0067E0FF /* PBXTargetDependency */ = {
			isa = PBXTargetDependency;
			target = 7FD55D561A4CF9DD0067E0FF /* LoginProject */;
			targetProxy = 7FD55D6D1A4CF9DE0067E0FF /* PBXContainerItemProxy */;
		};
/* End PBXTargetDependency section */

/* Begin PBXVariantGroup section */
		7FD55D601A4CF9DE0067E0FF /* Main.storyboard */ = {
			isa = PBXVariantGroup;
			children = (
				7FD55D611A4CF9DE0067E0FF /* Base */,
			);
			name = Main.storyboard;
			sourceTree = "<group>";
		};
		7FD55D651A4CF9DE0067E0FF /* LaunchScreen.xib */ = {
			isa = PBXVariantGroup;
			children = (
				7FD55D661A4CF9DE0067E0FF /* Base */,
			);
			name = LaunchScreen.xib;
			sourceTree = "<group>";
		};
/* End PBXVariantGroup section */

/* Begin XCBuildConfiguration section */
		7FD55D741A4CF9DE0067E0FF /* Debug */ = {
			isa = XCBuildConfiguration;
			buildSettings = {
				ALWAYS_SEARCH_USER_PATHS = NO;
				CLANG_CXX_LANGUAGE_STANDARD = "gnu++0x";
				CLANG_CXX_LIBRARY = "libc++";
				CLANG_ENABLE_MODULES = YES;
				CLANG_ENABLE_OBJC_ARC = YES;
				CLANG_WARN_BOOL_CONVERSION = YES;
				CLANG_WARN_CONSTANT_CONVERSION = YES;
				CLANG_WARN_DIRECT_OBJC_ISA_USAGE = YES_ERROR;
				CLANG_WARN_EMPTY_BODY = YES;
				CLANG_WARN_ENUM_CONVERSION = YES;
				CLANG_WARN_INT_CONVERSION = YES;
				CLANG_WARN_OBJC_ROOT_CLASS = YES_ERROR;
				CLANG_WARN_UNREACHABLE_CODE = YES;
				CLANG_WARN__DUPLICATE_METHOD_MATCH = YES;
				"CODE_SIGN_IDENTITY[sdk=iphoneos*]" = "iPhone Developer";
				COPY_PHASE_STRIP = NO;
				ENABLE_STRICT_OBJC_MSGSEND = YES;
				GCC_C_LANGUAGE_STANDARD = gnu99;
				GCC_DYNAMIC_NO_PIC = NO;
				GCC_OPTIMIZATION_LEVEL = 0;
				GCC_PREPROCESSOR_DEFINITIONS = (
					"DEBUG=1",
					"$(inherited)",
				);
				GCC_SYMBOLS_PRIVATE_EXTERN = NO;
				GCC_WARN_64_TO_32_BIT_CONVERSION = YES;
				GCC_WARN_ABOUT_RETURN_TYPE = YES_ERROR;
				GCC_WARN_UNDECLARED_SELECTOR = YES;
				GCC_WARN_UNINITIALIZED_AUTOS = YES_AGGRESSIVE;
				GCC_WARN_UNUSED_FUNCTION = YES;
				GCC_WARN_UNUSED_VARIABLE = YES;
				IPHONEOS_DEPLOYMENT_TARGET = 8.1;
				MTL_ENABLE_DEBUG_INFO = YES;
				ONLY_ACTIVE_ARCH = YES;
				SDKROOT = iphoneos;
				SWIFT_OPTIMIZATION_LEVEL = "-Onone";
				TARGETED_DEVICE_FAMILY = "1,2";
			};
			name = Debug;
		};
		7FD55D751A4CF9DE0067E0FF /* Release */ = {
			isa = XCBuildConfiguration;
			buildSettings = {
				ALWAYS_SEARCH_USER_PATHS = NO;
				CLANG_CXX_LANGUAGE_STANDARD = "gnu++0x";
				CLANG_CXX_LIBRARY = "libc++";
				CLANG_ENABLE_MODULES = YES;
				CLANG_ENABLE_OBJC_ARC = YES;
				CLANG_WARN_BOOL_CONVERSION = YES;
				CLANG_WARN_CONSTANT_CONVERSION = YES;
				CLANG_WARN_DIRECT_OBJC_ISA_USAGE = YES_ERROR;
				CLANG_WARN_EMPTY_BODY = YES;
				CLANG_WARN_ENUM_CONVERSION = YES;
				CLANG_WARN_INT_CONVERSION = YES;
				CLANG_WARN_OBJC_ROOT_CLASS = YES_ERROR;
				CLANG_WARN_UNREACHABLE_CODE = YES;
				CLANG_WARN__DUPLICATE_METHOD_MATCH = YES;
				"CODE_SIGN_IDENTITY[sdk=iphoneos*]" = "iPhone Developer";
				COPY_PHASE_STRIP = YES;
				ENABLE_NS_ASSERTIONS = NO;
				ENABLE_STRICT_OBJC_MSGSEND = YES;
				GCC_C_LANGUAGE_STANDARD = gnu99;
				GCC_WARN_64_TO_32_BIT_CONVERSION = YES;
				GCC_WARN_ABOUT_RETURN_TYPE = YES_ERROR;
				GCC_WARN_UNDECLARED_SELECTOR = YES;
				GCC_WARN_UNINITIALIZED_AUTOS = YES_AGGRESSIVE;
				GCC_WARN_UNUSED_FUNCTION = YES;
				GCC_WARN_UNUSED_VARIABLE = YES;
				IPHONEOS_DEPLOYMENT_TARGET = 8.1;
				MTL_ENABLE_DEBUG_INFO = NO;
				SDKROOT = iphoneos;
				TARGETED_DEVICE_FAMILY = "1,2";
				VALIDATE_PRODUCT = YES;
			};
			name = Release;
		};
		7FD55D771A4CF9DE0067E0FF /* Debug */ = {
			isa = XCBuildConfiguration;
			buildSettings = {
				ASSETCATALOG_COMPILER_APPICON_NAME = AppIcon;
				INFOPLIST_FILE = LoginProject/Info.plist;
				LD_RUNPATH_SEARCH_PATHS = "$(inherited) @executable_path/Frameworks";
				PRODUCT_NAME = "$(TARGET_NAME)";
			};
			name = Debug;
		};
		7FD55D781A4CF9DE0067E0FF /* Release */ = {
			isa = XCBuildConfiguration;
			buildSettings = {
				ASSETCATALOG_COMPILER_APPICON_NAME = AppIcon;
				INFOPLIST_FILE = LoginProject/Info.plist;
				LD_RUNPATH_SEARCH_PATHS = "$(inherited) @executable_path/Frameworks";
				PRODUCT_NAME = "$(TARGET_NAME)";
			};
			name = Release;
		};
		7FD55D7A1A4CF9DE0067E0FF /* Debug */ = {
			isa = XCBuildConfiguration;
			buildSettings = {
				BUNDLE_LOADER = "$(TEST_HOST)";
				FRAMEWORK_SEARCH_PATHS = (
					"$(SDKROOT)/Developer/Library/Frameworks",
					"$(inherited)",
				);
				GCC_PREPROCESSOR_DEFINITIONS = (
					"DEBUG=1",
					"$(inherited)",
				);
				INFOPLIST_FILE = LoginProjectTests/Info.plist;
				LD_RUNPATH_SEARCH_PATHS = "$(inherited) @executable_path/Frameworks @loader_path/Frameworks";
				PRODUCT_NAME = "$(TARGET_NAME)";
				TEST_HOST = "$(BUILT_PRODUCTS_DIR)/LoginProject.app/LoginProject";
			};
			name = Debug;
		};
		7FD55D7B1A4CF9DE0067E0FF /* Release */ = {
			isa = XCBuildConfiguration;
			buildSettings = {
				BUNDLE_LOADER = "$(TEST_HOST)";
				FRAMEWORK_SEARCH_PATHS = (
					"$(SDKROOT)/Developer/Library/Frameworks",
					"$(inherited)",
				);
				INFOPLIST_FILE = LoginProjectTests/Info.plist;
				LD_RUNPATH_SEARCH_PATHS = "$(inherited) @executable_path/Frameworks @loader_path/Frameworks";
				PRODUCT_NAME = "$(TARGET_NAME)";
				TEST_HOST = "$(BUILT_PRODUCTS_DIR)/LoginProject.app/LoginProject";
			};
			name = Release;
		};
/* End XCBuildConfiguration section */

/* Begin XCConfigurationList section */
		7FD55D521A4CF9DD0067E0FF /* Build configuration list for PBXProject "LoginProject" */ = {
			isa = XCConfigurationList;
			buildConfigurations = (
				7FD55D741A4CF9DE0067E0FF /* Debug */,
				7FD55D751A4CF9DE0067E0FF /* Release */,
			);
			defaultConfigurationIsVisible = 0;
			defaultConfigurationName = Release;
		};
		7FD55D761A4CF9DE0067E0FF /* Build configuration list for PBXNativeTarget "LoginProject" */ = {
			isa = XCConfigurationList;
			buildConfigurations = (
				7FD55D771A4CF9DE0067E0FF /* Debug */,
				7FD55D781A4CF9DE0067E0FF /* Release */,
			);
			defaultConfigurationIsVisible = 0;
		};
		7FD55D791A4CF9DE0067E0FF /* Build configuration list for PBXNativeTarget "LoginProjectTests" */ = {
			isa = XCConfigurationList;
			buildConfigurations = (
				7FD55D7A1A4CF9DE0067E0FF /* Debug */,
				7FD55D7B1A4CF9DE0067E0FF /* Release */,
			);
			defaultConfigurationIsVisible = 0;
		};
/* End XCConfigurationList section */
	};
	rootObject = 7FD55D4F1A4CF9DD0067E0FF /* Project object */;
}
